
Microsoft Visual Studio Solution File, Format Version 12.00
# Visual Studio Version 17
VisualStudioVersion = 17.9.34701.34
MinimumVisualStudioVersion = 10.0.40219.1
Project("{9A19103F-16F7-4668-BE54-9A1E7A4F7556}") = "Basic", "Basic\Basic.csproj", "{55B86ACE-1B19-4556-BB5B-17C5545BD139}"
EndProject
Project("{FAE04EC0-301F-11D3-BF4B-00C04F79EFBC}") = "excercise_Basics", "excercise_Basics\excercise_Basics.csproj", "{9B4465B1-CDC9-413D-B33E-F5FD2F719326}"
EndProject
Global
	GlobalSection(SolutionConfigurationPlatforms) = preSolution
		Debug|Any CPU = Debug|Any CPU
		Release|Any CPU = Release|Any CPU
	EndGlobalSection
	GlobalSection(ProjectConfigurationPlatforms) = postSolution
		{55B86ACE-1B19-4556-BB5B-17C5545BD139}.Debug|Any CPU.ActiveCfg = Debug|Any CPU
		{55B86ACE-1B19-4556-BB5B-17C5545BD139}.Debug|Any CPU.Build.0 = Debug|Any CPU
		{55B86ACE-1B19-4556-BB5B-17C5545BD139}.Release|Any CPU.ActiveCfg = Release|Any CPU
		{55B86ACE-1B19-4556-BB5B-17C5545BD139}.Release|Any CPU.Build.0 = Release|Any CPU
		{9B4465B1-CDC9-413D-B33E-F5FD2F719326}.Debug|Any CPU.ActiveCfg = Debug|Any CPU
		{9B4465B1-CDC9-413D-B33E-F5FD2F719326}.Debug|Any CPU.Build.0 = Debug|Any CPU
		{9B4465B1-CDC9-413D-B33E-F5FD2F719326}.Release|Any CPU.ActiveCfg = Release|Any CPU
		{9B4465B1-CDC9-413D-B33E-F5FD2F719326}.Release|Any CPU.Build.0 = Release|Any CPU
	EndGlobalSection
	GlobalSection(SolutionProperties) = preSolution
		HideSolutionNode = FALSE
	EndGlobalSection
	GlobalSection(ExtensibilityGlobals) = postSolution
		SolutionGuid = {31AB075C-372B-4903-B486-6540B0950718}
	EndGlobalSection
EndGlobal
